
Microsoft Visual Studio Solution File, Format Version 12.00
# Visual Studio Version 17
VisualStudioVersion = 17.9.34310.174
MinimumVisualStudioVersion = 10.0.40219.1
Project("{9A19103F-16F7-4668-BE54-9A1E7A4F7556}") = "advent-of-code", "advent-of-code.csproj", "{5E523AB7-9E0A-4FDB-B240-A411E4204880}"
EndProject
Global
	GlobalSection(SolutionConfigurationPlatforms) = preSolution
		Debug|Any CPU = Debug|Any CPU
		Release|Any CPU = Release|Any CPU
	EndGlobalSection
	GlobalSection(ProjectConfigurationPlatforms) = postSolution
		{5E523AB7-9E0A-4FDB-B240-A411E4204880}.Debug|Any CPU.ActiveCfg = Debug|Any CPU
		{5E523AB7-9E0A-4FDB-B240-A411E4204880}.Debug|Any CPU.Build.0 = Debug|Any CPU
		{5E523AB7-9E0A-4FDB-B240-A411E4204880}.Release|Any CPU.ActiveCfg = Release|Any CPU
		{5E523AB7-9E0A-4FDB-B240-A411E4204880}.Release|Any CPU.Build.0 = Release|Any CPU
	EndGlobalSection
	GlobalSection(SolutionProperties) = preSolution
		HideSolutionNode = FALSE
	EndGlobalSection
	GlobalSection(ExtensibilityGlobals) = postSolution
		SolutionGuid = {61CAA8D5-CF7E-4EE7-B775-3FA2473FBB24}
	EndGlobalSection
EndGlobal
